
Microsoft Visual Studio Solution File, Format Version 12.00
# Visual Studio Version 17
VisualStudioVersion = 17.0.32014.148
MinimumVisualStudioVersion = 10.0.40219.1
Project("{9A19103F-16F7-4668-BE54-9A1E7A4F7556}") = "JWTAuth", "JWTAuth\JWTAuth.csproj", "{75EBEA36-0FC1-49FF-AEF9-39A986CD1A7A}"
EndProject
Project("{2150E333-8FDC-42A3-9474-1A3956D46DE8}") = "3- Data Access Layer", "3- Data Access Layer", "{B4E7788C-ADAC-4D0A-B5C1-6E2773451ECA}"
EndProject
Project("{2150E333-8FDC-42A3-9474-1A3956D46DE8}") = "2-Business Layer", "2-Business Layer", "{EF64A013-264B-4DF0-A97E-9A55A8D8D39B}"
EndProject
Project("{2150E333-8FDC-42A3-9474-1A3956D46DE8}") = "1-Presentation Layer", "1-Presentation Layer", "{F9DF725E-BBF0-46EA-BD14-7DBE44F55149}"
EndProject
Project("{9A19103F-16F7-4668-BE54-9A1E7A4F7556}") = "NoonAdminMvcCore", "NoonAdminMvcCore\NoonAdminMvcCore.csproj", "{41692C07-253E-403C-8AC1-EFCC48F42848}"
EndProject
Project("{9A19103F-16F7-4668-BE54-9A1E7A4F7556}") = "EFModel", "EFModel\EFModel.csproj", "{8913A4B1-BF79-4713-A6B0-BB8B32C4C1E5}"
EndProject
Project("{9A19103F-16F7-4668-BE54-9A1E7A4F7556}") = "Repository", "Repository\Repository.csproj", "{98358C42-215F-4073-A978-F631D8480C15}"
EndProject
Project("{9A19103F-16F7-4668-BE54-9A1E7A4F7556}") = "SqlServerDBContext", "SqlServerDBContext\SqlServerDBContext.csproj", "{56353D73-9DAB-4464-9A1B-0D01F84CDC34}"
EndProject
Project("{9A19103F-16F7-4668-BE54-9A1E7A4F7556}") = "BL", "BL\BL.csproj", "{68C22638-421E-4975-8E69-97EB113E1DCE}"
EndProject
Global
	GlobalSection(SolutionConfigurationPlatforms) = preSolution
		Debug|Any CPU = Debug|Any CPU
		Release|Any CPU = Release|Any CPU
	EndGlobalSection
	GlobalSection(ProjectConfigurationPlatforms) = postSolution
		{75EBEA36-0FC1-49FF-AEF9-39A986CD1A7A}.Debug|Any CPU.ActiveCfg = Debug|Any CPU
		{75EBEA36-0FC1-49FF-AEF9-39A986CD1A7A}.Debug|Any CPU.Build.0 = Debug|Any CPU
		{75EBEA36-0FC1-49FF-AEF9-39A986CD1A7A}.Release|Any CPU.ActiveCfg = Release|Any CPU
		{75EBEA36-0FC1-49FF-AEF9-39A986CD1A7A}.Release|Any CPU.Build.0 = Release|Any CPU
		{41692C07-253E-403C-8AC1-EFCC48F42848}.Debug|Any CPU.ActiveCfg = Debug|Any CPU
		{41692C07-253E-403C-8AC1-EFCC48F42848}.Debug|Any CPU.Build.0 = Debug|Any CPU
		{41692C07-253E-403C-8AC1-EFCC48F42848}.Release|Any CPU.ActiveCfg = Release|Any CPU
		{41692C07-253E-403C-8AC1-EFCC48F42848}.Release|Any CPU.Build.0 = Release|Any CPU
		{8913A4B1-BF79-4713-A6B0-BB8B32C4C1E5}.Debug|Any CPU.ActiveCfg = Debug|Any CPU
		{8913A4B1-BF79-4713-A6B0-BB8B32C4C1E5}.Debug|Any CPU.Build.0 = Debug|Any CPU
		{8913A4B1-BF79-4713-A6B0-BB8B32C4C1E5}.Release|Any CPU.ActiveCfg = Release|Any CPU
		{8913A4B1-BF79-4713-A6B0-BB8B32C4C1E5}.Release|Any CPU.Build.0 = Release|Any CPU
		{98358C42-215F-4073-A978-F631D8480C15}.Debug|Any CPU.ActiveCfg = Debug|Any CPU
		{98358C42-215F-4073-A978-F631D8480C15}.Debug|Any CPU.Build.0 = Debug|Any CPU
		{98358C42-215F-4073-A978-F631D8480C15}.Release|Any CPU.ActiveCfg = Release|Any CPU
		{98358C42-215F-4073-A978-F631D8480C15}.Release|Any CPU.Build.0 = Release|Any CPU
		{56353D73-9DAB-4464-9A1B-0D01F84CDC34}.Debug|Any CPU.ActiveCfg = Debug|Any CPU
		{56353D73-9DAB-4464-9A1B-0D01F84CDC34}.Debug|Any CPU.Build.0 = Debug|Any CPU
		{56353D73-9DAB-4464-9A1B-0D01F84CDC34}.Release|Any CPU.ActiveCfg = Release|Any CPU
		{56353D73-9DAB-4464-9A1B-0D01F84CDC34}.Release|Any CPU.Build.0 = Release|Any CPU
		{68C22638-421E-4975-8E69-97EB113E1DCE}.Debug|Any CPU.ActiveCfg = Debug|Any CPU
		{68C22638-421E-4975-8E69-97EB113E1DCE}.Debug|Any CPU.Build.0 = Debug|Any CPU
		{68C22638-421E-4975-8E69-97EB113E1DCE}.Release|Any CPU.ActiveCfg = Release|Any CPU
		{68C22638-421E-4975-8E69-97EB113E1DCE}.Release|Any CPU.Build.0 = Release|Any CPU
	EndGlobalSection
	GlobalSection(SolutionProperties) = preSolution
		HideSolutionNode = FALSE
	EndGlobalSection
	GlobalSection(NestedProjects) = preSolution
		{75EBEA36-0FC1-49FF-AEF9-39A986CD1A7A} = {F9DF725E-BBF0-46EA-BD14-7DBE44F55149}
		{41692C07-253E-403C-8AC1-EFCC48F42848} = {F9DF725E-BBF0-46EA-BD14-7DBE44F55149}
		{8913A4B1-BF79-4713-A6B0-BB8B32C4C1E5} = {B4E7788C-ADAC-4D0A-B5C1-6E2773451ECA}
		{98358C42-215F-4073-A978-F631D8480C15} = {B4E7788C-ADAC-4D0A-B5C1-6E2773451ECA}
		{56353D73-9DAB-4464-9A1B-0D01F84CDC34} = {B4E7788C-ADAC-4D0A-B5C1-6E2773451ECA}
		{68C22638-421E-4975-8E69-97EB113E1DCE} = {EF64A013-264B-4DF0-A97E-9A55A8D8D39B}
	EndGlobalSection
	GlobalSection(ExtensibilityGlobals) = postSolution
		SolutionGuid = {A4A0FD85-50F4-4595-84E3-D7B25B5F61BF}
	EndGlobalSection
EndGlobal
